
Microsoft Visual Studio Solution File, Format Version 12.00
# Visual Studio Version 16
VisualStudioVersion = 16.0.29006.145
MinimumVisualStudioVersion = 10.0.40219.1
Project("{FAE04EC0-301F-11D3-BF4B-00C04F79EFBC}") = "Cotizaciones", "Cotizaciones\Cotizaciones.csproj", "{3C8F9506-A5A4-4595-88D0-4F71B5CE9094}"
EndProject
Global
	GlobalSection(SolutionConfigurationPlatforms) = preSolution
		Debug|Any CPU = Debug|Any CPU
		Release|Any CPU = Release|Any CPU
	EndGlobalSection
	GlobalSection(ProjectConfigurationPlatforms) = postSolution
		{3C8F9506-A5A4-4595-88D0-4F71B5CE9094}.Debug|Any CPU.ActiveCfg = Debug|Any CPU
		{3C8F9506-A5A4-4595-88D0-4F71B5CE9094}.Debug|Any CPU.Build.0 = Debug|Any CPU
		{3C8F9506-A5A4-4595-88D0-4F71B5CE9094}.Release|Any CPU.ActiveCfg = Release|Any CPU
		{3C8F9506-A5A4-4595-88D0-4F71B5CE9094}.Release|Any CPU.Build.0 = Release|Any CPU
	EndGlobalSection
	GlobalSection(SolutionProperties) = preSolution
		HideSolutionNode = FALSE
	EndGlobalSection
	GlobalSection(ExtensibilityGlobals) = postSolution
		SolutionGuid = {07081B32-89A2-48ED-89C7-EFC078ED9456}
	EndGlobalSection
EndGlobal
